# @generated - this file is auto-generated by `mise lock` https://mise.jdx.dev/dev-tools/mise-lock.html

[[tools."github:Ladicle/tcardgen"]]
version = "0.10.0"
backend = "github:Ladicle/tcardgen"

[tools."github:Ladicle/tcardgen"."platforms.linux-arm64"]
checksum = "sha256:fb0fe9ad0b8391b74b3c80ae4e40e8d9b37a84f6f7a74f47bee5fa58270839e6"
url = "https://github.com/Ladicle/tcardgen/releases/download/v0.10.0/tcardgen_Linux_arm64.tar.gz"
url_api = "https://api.github.com/repos/Ladicle/tcardgen/releases/assets/338686947"

[tools."github:Ladicle/tcardgen"."platforms.linux-arm64-musl"]
checksum = "sha256:fb0fe9ad0b8391b74b3c80ae4e40e8d9b37a84f6f7a74f47bee5fa58270839e6"
url = "https://github.com/Ladicle/tcardgen/releases/download/v0.10.0/tcardgen_Linux_arm64.tar.gz"
url_api = "https://api.github.com/repos/Ladicle/tcardgen/releases/assets/338686947"

[tools."github:Ladicle/tcardgen"."platforms.linux-x64"]
checksum = "sha256:230d89e541c891fb1fe57287ef780dbd249dd348c98510012042ca4a80982c3d"
url = "https://github.com/Ladicle/tcardgen/releases/download/v0.10.0/tcardgen_Linux_x86_64.tar.gz"
url_api = "https://api.github.com/repos/Ladicle/tcardgen/releases/assets/338686946"

[tools."github:Ladicle/tcardgen"."platforms.linux-x64-musl"]
checksum = "sha256:230d89e541c891fb1fe57287ef780dbd249dd348c98510012042ca4a80982c3d"
url = "https://github.com/Ladicle/tcardgen/releases/download/v0.10.0/tcardgen_Linux_x86_64.tar.gz"
url_api = "https://api.github.com/repos/Ladicle/tcardgen/releases/assets/338686946"

[tools."github:Ladicle/tcardgen"."platforms.macos-arm64"]
checksum = "sha256:8bea489e97bafcd9d7131a2bb348256b6c1bef4cd969d287914280fe9a9c7105"
url = "https://github.com/Ladicle/tcardgen/releases/download/v0.10.0/tcardgen_Darwin_arm64.tar.gz"
url_api = "https://api.github.com/repos/Ladicle/tcardgen/releases/assets/338686948"

[tools."github:Ladicle/tcardgen"."platforms.macos-x64"]
checksum = "sha256:400b1aeda4f752cb55b69223eee36d89732d510913d165bea79ad2c538619c4a"
url = "https://github.com/Ladicle/tcardgen/releases/download/v0.10.0/tcardgen_Darwin_x86_64.tar.gz"
url_api = "https://api.github.com/repos/Ladicle/tcardgen/releases/assets/338686949"

[[tools.go]]
version = "1.26.5"
backend = "core:go"

[tools.go."platforms.linux-arm64"]
checksum = "sha256:fe4789e92b1f33358680864bbe8704289e7bb5fc207d80623c308935bd696d49"
url = "https://dl.google.com/go/go1.26.5.linux-arm64.tar.gz"

[tools.go."platforms.linux-arm64-musl"]
checksum = "sha256:fe4789e92b1f33358680864bbe8704289e7bb5fc207d80623c308935bd696d49"
url = "https://dl.google.com/go/go1.26.5.linux-arm64.tar.gz"

[tools.go."platforms.linux-x64"]
checksum = "sha256:5c2c3b16caefa1d968a94c1daca04a7ca301a496d9b086e17ad77bb81393f053"
url = "https://dl.google.com/go/go1.26.5.linux-amd64.tar.gz"

[tools.go."platforms.linux-x64-musl"]
checksum = "sha256:5c2c3b16caefa1d968a94c1daca04a7ca301a496d9b086e17ad77bb81393f053"
url = "https://dl.google.com/go/go1.26.5.linux-amd64.tar.gz"

[tools.go."platforms.macos-arm64"]
checksum = "sha256:efb87ff28af9a188d0536ef5d42e63dd52ba8263cd7344a993cc48dd11dedb6a"
url = "https://dl.google.com/go/go1.26.5.darwin-arm64.tar.gz"

[tools.go."platforms.macos-x64"]
checksum = "sha256:6231d8d3b8f5552ec6cbf6d685bdd5482e1e703214b120e89b3bf0d7bf1ef725"
url = "https://dl.google.com/go/go1.26.5.darwin-amd64.tar.gz"

[tools.go."platforms.windows-x64"]
checksum = "sha256:97e6b2a833b6d89f9ff17d25419ac0a7e3b482a044e9ab18cdef834bd834fd38"
url = "https://dl.google.com/go/go1.26.5.windows-amd64.zip"

[[tools.hugo]]
version = "0.164.0"
backend = "aqua:gohugoio/hugo"

[tools.hugo."platforms.linux-arm64"]
checksum = "sha256:948ee5f0ed30175f31937d592d63a2712f0761a69f1cbe812f780eb918a08b8e"
url = "https://github.com/gohugoio/hugo/releases/download/v0.164.0/hugo_0.164.0_linux-arm64.tar.gz"
url_api = "https://api.github.com/repos/gohugoio/hugo/releases/assets/468320173"

[tools.hugo."platforms.linux-arm64-musl"]
checksum = "sha256:948ee5f0ed30175f31937d592d63a2712f0761a69f1cbe812f780eb918a08b8e"
url = "https://github.com/gohugoio/hugo/releases/download/v0.164.0/hugo_0.164.0_linux-arm64.tar.gz"
url_api = "https://api.github.com/repos/gohugoio/hugo/releases/assets/468320173"

[tools.hugo."platforms.linux-x64"]
checksum = "sha256:d9c8b17285ea4ec004d9f814273ea910f2051ce02c284993fd1f91ba455ae50d"
url = "https://github.com/gohugoio/hugo/releases/download/v0.164.0/hugo_0.164.0_linux-amd64.tar.gz"
url_api = "https://api.github.com/repos/gohugoio/hugo/releases/assets/468320170"

[tools.hugo."platforms.linux-x64-musl"]
checksum = "sha256:d9c8b17285ea4ec004d9f814273ea910f2051ce02c284993fd1f91ba455ae50d"
url = "https://github.com/gohugoio/hugo/releases/download/v0.164.0/hugo_0.164.0_linux-amd64.tar.gz"
url_api = "https://api.github.com/repos/gohugoio/hugo/releases/assets/468320170"

[tools.hugo."platforms.macos-arm64"]
checksum = "sha256:c994e2cc6946838bb76521039509a7ce71282827e7035e344b6c225a83a5d0d3"
url = "https://github.com/gohugoio/hugo/releases/download/v0.164.0/hugo_0.164.0_darwin-universal.pkg"
url_api = "https://api.github.com/repos/gohugoio/hugo/releases/assets/468320272"

[tools.hugo."platforms.macos-x64"]
checksum = "sha256:c994e2cc6946838bb76521039509a7ce71282827e7035e344b6c225a83a5d0d3"
url = "https://github.com/gohugoio/hugo/releases/download/v0.164.0/hugo_0.164.0_darwin-universal.pkg"
url_api = "https://api.github.com/repos/gohugoio/hugo/releases/assets/468320272"

[tools.hugo."platforms.windows-x64"]
checksum = "sha256:dadf3499d4c6a27f6bc9d56d5a992ba62d82a74a3771fcc165c364ec1eeaac1c"
url = "https://github.com/gohugoio/hugo/releases/download/v0.164.0/hugo_0.164.0_windows-amd64.zip"
url_api = "https://api.github.com/repos/gohugoio/hugo/releases/assets/468320283"
